// !$*UTF8*$!
{
	archiveVersion = 1;
	classes = {
	};
	objectVersion = 55;
	objects = {

/* Begin PBXBuildFile section */
		D3CEE21027D51A6400D9E18F /* CleanArchHandApp.swift in Sources */ = {isa = PBXBuildFile; fileRef = D3CEE20F27D51A6400D9E18F /* CleanArchHandApp.swift */; };
		D3CEE21227D51A6400D9E18F /* ContentView.swift in Sources */ = {isa = PBXBuildFile; fileRef = D3CEE21127D51A6400D9E18F /* ContentView.swift */; };
		D3CEE21427D51A6500D9E18F /* Assets.xcassets in Resources */ = {isa = PBXBuildFile; fileRef = D3CEE21327D51A6500D9E18F /* Assets.xcassets */; };
		D3CEE21727D51A6500D9E18F /* Preview Assets.xcassets in Resources */ = {isa = PBXBuildFile; fileRef = D3CEE21627D51A6500D9E18F /* Preview Assets.xcassets */; };
		D3CEE22127D51A6500D9E18F /* CleanArchHandTests.swift in Sources */ = {isa = PBXBuildFile; fileRef = D3CEE22027D51A6500D9E18F /* CleanArchHandTests.swift */; };
		D3CEE22B27D51A6500D9E18F /* CleanArchHandUITests.swift in Sources */ = {isa = PBXBuildFile; fileRef = D3CEE22A27D51A6500D9E18F /* CleanArchHandUITests.swift */; };
		D3CEE22D27D51A6500D9E18F /* CleanArchHandUITestsLaunchTests.swift in Sources */ = {isa = PBXBuildFile; fileRef = D3CEE22C27D51A6500D9E18F /* CleanArchHandUITestsLaunchTests.swift */; };
/* End PBXBuildFile section */

/* Begin PBXContainerItemProxy section */
		D3CEE21D27D51A6500D9E18F /* PBXContainerItemProxy */ = {
			isa = PBXContainerItemProxy;
			containerPortal = D3CEE20427D51A6400D9E18F /* Project object */;
			proxyType = 1;
			remoteGlobalIDString = D3CEE20B27D51A6400D9E18F;
			remoteInfo = CleanArchHand;
		};
		D3CEE22727D51A6500D9E18F /* PBXContainerItemProxy */ = {
			isa = PBXContainerItemProxy;
			containerPortal = D3CEE20427D51A6400D9E18F /* Project object */;
			proxyType = 1;
			remoteGlobalIDString = D3CEE20B27D51A6400D9E18F;
			remoteInfo = CleanArchHand;
		};
/* End PBXContainerItemProxy section */

/* Begin PBXFileReference section */
		D33D1C6127D51AB200170A06 /* README.md */ = {isa = PBXFileReference; lastKnownFileType = net.daringfireball.markdown; path = README.md; sourceTree = "<group>"; };
		D3CEE20C27D51A6400D9E18F /* CleanArchHand.app */ = {isa = PBXFileReference; explicitFileType = wrapper.application; includeInIndex = 0; path = CleanArchHand.app; sourceTree = BUILT_PRODUCTS_DIR; };
		D3CEE20F27D51A6400D9E18F /* CleanArchHandApp.swift */ = {isa = PBXFileReference; lastKnownFileType = sourcecode.swift; path = CleanArchHandApp.swift; sourceTree = "<group>"; };
		D3CEE21127D51A6400D9E18F /* ContentView.swift */ = {isa = PBXFileReference; lastKnownFileType = sourcecode.swift; path = ContentView.swift; sourceTree = "<group>"; };
		D3CEE21327D51A6500D9E18F /* Assets.xcassets */ = {isa = PBXFileReference; lastKnownFileType = folder.assetcatalog; path = Assets.xcassets; sourceTree = "<group>"; };
		D3CEE21627D51A6500D9E18F /* Preview Assets.xcassets */ = {isa = PBXFileReference; lastKnownFileType = folder.assetcatalog; path = "Preview Assets.xcassets"; sourceTree = "<group>"; };
		D3CEE21C27D51A6500D9E18F /* CleanArchHandTests.xctest */ = {isa = PBXFileReference; explicitFileType = wrapper.cfbundle; includeInIndex = 0; path = CleanArchHandTests.xctest; sourceTree = BUILT_PRODUCTS_DIR; };
		D3CEE22027D51A6500D9E18F /* CleanArchHandTests.swift */ = {isa = PBXFileReference; lastKnownFileType = sourcecode.swift; path = CleanArchHandTests.swift; sourceTree = "<group>"; };
		D3CEE22627D51A6500D9E18F /* CleanArchHandUITests.xctest */ = {isa = PBXFileReference; explicitFileType = wrapper.cfbundle; includeInIndex = 0; path = CleanArchHandUITests.xctest; sourceTree = BUILT_PRODUCTS_DIR; };
		D3CEE22A27D51A6500D9E18F /* CleanArchHandUITests.swift */ = {isa = PBXFileReference; lastKnownFileType = sourcecode.swift; path = CleanArchHandUITests.swift; sourceTree = "<group>"; };
		D3CEE22C27D51A6500D9E18F /* CleanArchHandUITestsLaunchTests.swift */ = {isa = PBXFileReference; lastKnownFileType = sourcecode.swift; path = CleanArchHandUITestsLaunchTests.swift; sourceTree = "<group>"; };
/* End PBXFileReference section */

/* Begin PBXFrameworksBuildPhase section */
		D3CEE20927D51A6400D9E18F /* Frameworks */ = {
			isa = PBXFrameworksBuildPhase;
			buildActionMask = 2147483647;
			files = (
			);
			runOnlyForDeploymentPostprocessing = 0;
		};
		D3CEE21927D51A6500D9E18F /* Frameworks */ = {
			isa = PBXFrameworksBuildPhase;
			buildActionMask = 2147483647;
			files = (
			);
			runOnlyForDeploymentPostprocessing = 0;
		};
		D3CEE22327D51A6500D9E18F /* Frameworks */ = {
			isa = PBXFrameworksBuildPhase;
			buildActionMask = 2147483647;
			files = (
			);
			runOnlyForDeploymentPostprocessing = 0;
		};
/* End PBXFrameworksBuildPhase section */

/* Begin PBXGroup section */
		D3CEE20327D51A6400D9E18F = {
			isa = PBXGroup;
			children = (
				D33D1C6127D51AB200170A06 /* README.md */,
				D3CEE20E27D51A6400D9E18F /* CleanArchHand */,
				D3CEE21F27D51A6500D9E18F /* CleanArchHandTests */,
				D3CEE22927D51A6500D9E18F /* CleanArchHandUITests */,
				D3CEE20D27D51A6400D9E18F /* Products */,
			);
			sourceTree = "<group>";
		};
		D3CEE20D27D51A6400D9E18F /* Products */ = {
			isa = PBXGroup;
			children = (
				D3CEE20C27D51A6400D9E18F /* CleanArchHand.app */,
				D3CEE21C27D51A6500D9E18F /* CleanArchHandTests.xctest */,
				D3CEE22627D51A6500D9E18F /* CleanArchHandUITests.xctest */,
			);
			name = Products;
			sourceTree = "<group>";
		};
		D3CEE20E27D51A6400D9E18F /* CleanArchHand */ = {
			isa = PBXGroup;
			children = (
				D3CEE20F27D51A6400D9E18F /* CleanArchHandApp.swift */,
				D3CEE21127D51A6400D9E18F /* ContentView.swift */,
				D3CEE21327D51A6500D9E18F /* Assets.xcassets */,
				D3CEE21527D51A6500D9E18F /* Preview Content */,
			);
			path = CleanArchHand;
			sourceTree = "<group>";
		};
		D3CEE21527D51A6500D9E18F /* Preview Content */ = {
			isa = PBXGroup;
			children = (
				D3CEE21627D51A6500D9E18F /* Preview Assets.xcassets */,
			);
			path = "Preview Content";
			sourceTree = "<group>";
		};
		D3CEE21F27D51A6500D9E18F /* CleanArchHandTests */ = {
			isa = PBXGroup;
			children = (
				D3CEE22027D51A6500D9E18F /* CleanArchHandTests.swift */,
			);
			path = CleanArchHandTests;
			sourceTree = "<group>";
		};
		D3CEE22927D51A6500D9E18F /* CleanArchHandUITests */ = {
			isa = PBXGroup;
			children = (
				D3CEE22A27D51A6500D9E18F /* CleanArchHandUITests.swift */,
				D3CEE22C27D51A6500D9E18F /* CleanArchHandUITestsLaunchTests.swift */,
			);
			path = CleanArchHandUITests;
			sourceTree = "<group>";
		};
/* End PBXGroup section */

/* Begin PBXNativeTarget section */
		D3CEE20B27D51A6400D9E18F /* CleanArchHand */ = {
			isa = PBXNativeTarget;
			buildConfigurationList = D3CEE23027D51A6500D9E18F /* Build configuration list for PBXNativeTarget "CleanArchHand" */;
			buildPhases = (
				D3CEE20827D51A6400D9E18F /* Sources */,
				D3CEE20927D51A6400D9E18F /* Frameworks */,
				D3CEE20A27D51A6400D9E18F /* Resources */,
			);
			buildRules = (
			);
			dependencies = (
			);
			name = CleanArchHand;
			productName = CleanArchHand;
			productReference = D3CEE20C27D51A6400D9E18F /* CleanArchHand.app */;
			productType = "com.apple.product-type.application";
		};
		D3CEE21B27D51A6500D9E18F /* CleanArchHandTests */ = {
			isa = PBXNativeTarget;
			buildConfigurationList = D3CEE23327D51A6500D9E18F /* Build configuration list for PBXNativeTarget "CleanArchHandTests" */;
			buildPhases = (
				D3CEE21827D51A6500D9E18F /* Sources */,
				D3CEE21927D51A6500D9E18F /* Frameworks */,
				D3CEE21A27D51A6500D9E18F /* Resources */,
			);
			buildRules = (
			);
			dependencies = (
				D3CEE21E27D51A6500D9E18F /* PBXTargetDependency */,
			);
			name = CleanArchHandTests;
			productName = CleanArchHandTests;
			productReference = D3CEE21C27D51A6500D9E18F /* CleanArchHandTests.xctest */;
			productType = "com.apple.product-type.bundle.unit-test";
		};
		D3CEE22527D51A6500D9E18F /* CleanArchHandUITests */ = {
			isa = PBXNativeTarget;
			buildConfigurationList = D3CEE23627D51A6500D9E18F /* Build configuration list for PBXNativeTarget "CleanArchHandUITests" */;
			buildPhases = (
				D3CEE22227D51A6500D9E18F /* Sources */,
				D3CEE22327D51A6500D9E18F /* Frameworks */,
				D3CEE22427D51A6500D9E18F /* Resources */,
			);
			buildRules = (
			);
			dependencies = (
				D3CEE22827D51A6500D9E18F /* PBXTargetDependency */,
			);
			name = CleanArchHandUITests;
			productName = CleanArchHandUITests;
			productReference = D3CEE22627D51A6500D9E18F /* CleanArchHandUITests.xctest */;
			productType = "com.apple.product-type.bundle.ui-testing";
		};
/* End PBXNativeTarget section */

/* Begin PBXProject section */
		D3CEE20427D51A6400D9E18F /* Project object */ = {
			isa = PBXProject;
			attributes = {
				BuildIndependentTargetsInParallel = 1;
				LastSwiftUpdateCheck = 1320;
				LastUpgradeCheck = 1320;
				TargetAttributes = {
					D3CEE20B27D51A6400D9E18F = {
						CreatedOnToolsVersion = 13.2.1;
					};
					D3CEE21B27D51A6500D9E18F = {
						CreatedOnToolsVersion = 13.2.1;
						TestTargetID = D3CEE20B27D51A6400D9E18F;
					};
					D3CEE22527D51A6500D9E18F = {
						CreatedOnToolsVersion = 13.2.1;
						TestTargetID = D3CEE20B27D51A6400D9E18F;
					};
				};
			};
			buildConfigurationList = D3CEE20727D51A6400D9E18F /* Build configuration list for PBXProject "CleanArchHand" */;
			compatibilityVersion = "Xcode 13.0";
			developmentRegion = en;
			hasScannedForEncodings = 0;
			knownRegions = (
				en,
				Base,
			);
			mainGroup = D3CEE20327D51A6400D9E18F;
			productRefGroup = D3CEE20D27D51A6400D9E18F /* Products */;
			projectDirPath = "";
			projectRoot = "";
			targets = (
				D3CEE20B27D51A6400D9E18F /* CleanArchHand */,
				D3CEE21B27D51A6500D9E18F /* CleanArchHandTests */,
				D3CEE22527D51A6500D9E18F /* CleanArchHandUITests */,
			);
		};
/* End PBXProject section */

/* Begin PBXResourcesBuildPhase section */
		D3CEE20A27D51A6400D9E18F /* Resources */ = {
			isa = PBXResourcesBuildPhase;
			buildActionMask = 2147483647;
			files = (
				D3CEE21727D51A6500D9E18F /* Preview Assets.xcassets in Resources */,
				D3CEE21427D51A6500D9E18F /* Assets.xcassets in Resources */,
			);
			runOnlyForDeploymentPostprocessing = 0;
		};
		D3CEE21A27D51A6500D9E18F /* Resources */ = {
			isa = PBXResourcesBuildPhase;
			buildActionMask = 2147483647;
			files = (
			);
			runOnlyForDeploymentPostprocessing = 0;
		};
		D3CEE22427D51A6500D9E18F /* Resources */ = {
			isa = PBXResourcesBuildPhase;
			buildActionMask = 2147483647;
			files = (
			);
			runOnlyForDeploymentPostprocessing = 0;
		};
/* End PBXResourcesBuildPhase section */

/* Begin PBXSourcesBuildPhase section */
		D3CEE20827D51A6400D9E18F /* Sources */ = {
			isa = PBXSourcesBuildPhase;
			buildActionMask = 2147483647;
			files = (
				D3CEE21227D51A6400D9E18F /* ContentView.swift in Sources */,
				D3CEE21027D51A6400D9E18F /* CleanArchHandApp.swift in Sources */,
			);
			runOnlyForDeploymentPostprocessing = 0;
		};
		D3CEE21827D51A6500D9E18F /* Sources */ = {
			isa = PBXSourcesBuildPhase;
			buildActionMask = 2147483647;
			files = (
				D3CEE22127D51A6500D9E18F /* CleanArchHandTests.swift in Sources */,
			);
			runOnlyForDeploymentPostprocessing = 0;
		};
		D3CEE22227D51A6500D9E18F /* Sources */ = {
			isa = PBXSourcesBuildPhase;
			buildActionMask = 2147483647;
			files = (
				D3CEE22B27D51A6500D9E18F /* CleanArchHandUITests.swift in Sources */,
				D3CEE22D27D51A6500D9E18F /* CleanArchHandUITestsLaunchTests.swift in Sources */,
			);
			runOnlyForDeploymentPostprocessing = 0;
		};
/* End PBXSourcesBuildPhase section */

/* Begin PBXTargetDependency section */
		D3CEE21E27D51A6500D9E18F /* PBXTargetDependency */ = {
			isa = PBXTargetDependency;
			target = D3CEE20B27D51A6400D9E18F /* CleanArchHand */;
			targetProxy = D3CEE21D27D51A6500D9E18F /* PBXContainerItemProxy */;
		};
		D3CEE22827D51A6500D9E18F /* PBXTargetDependency */ = {
			isa = PBXTargetDependency;
			target = D3CEE20B27D51A6400D9E18F /* CleanArchHand */;
			targetProxy = D3CEE22727D51A6500D9E18F /* PBXContainerItemProxy */;
		};
/* End PBXTargetDependency section */

/* Begin XCBuildConfiguration section */
		D3CEE22E27D51A6500D9E18F /* Debug */ = {
			isa = XCBuildConfiguration;
			buildSettings = {
				ALWAYS_SEARCH_USER_PATHS = NO;
				CLANG_ANALYZER_NONNULL = YES;
				CLANG_ANALYZER_NUMBER_OBJECT_CONVERSION = YES_AGGRESSIVE;
				CLANG_CXX_LANGUAGE_STANDARD = "gnu++17";
				CLANG_CXX_LIBRARY = "libc++";
				CLANG_ENABLE_MODULES = YES;
				CLANG_ENABLE_OBJC_ARC = YES;
				CLANG_ENABLE_OBJC_WEAK = YES;
				CLANG_WARN_BLOCK_CAPTURE_AUTORELEASING = YES;
				CLANG_WARN_BOOL_CONVERSION = YES;
				CLANG_WARN_COMMA = YES;
				CLANG_WARN_CONSTANT_CONVERSION = YES;
				CLANG_WARN_DEPRECATED_OBJC_IMPLEMENTATIONS = YES;
				CLANG_WARN_DIRECT_OBJC_ISA_USAGE = YES_ERROR;
				CLANG_WARN_DOCUMENTATION_COMMENTS = YES;
				CLANG_WARN_EMPTY_BODY = YES;
				CLANG_WARN_ENUM_CONVERSION = YES;
				CLANG_WARN_INFINITE_RECURSION = YES;
				CLANG_WARN_INT_CONVERSION = YES;
				CLANG_WARN_NON_LITERAL_NULL_CONVERSION = YES;
				CLANG_WARN_OBJC_IMPLICIT_RETAIN_SELF = YES;
				CLANG_WARN_OBJC_LITERAL_CONVERSION = YES;
				CLANG_WARN_OBJC_ROOT_CLASS = YES_ERROR;
				CLANG_WARN_QUOTED_INCLUDE_IN_FRAMEWORK_HEADER = YES;
				CLANG_WARN_RANGE_LOOP_ANALYSIS = YES;
				CLANG_WARN_STRICT_PROTOTYPES = YES;
				CLANG_WARN_SUSPICIOUS_MOVE = YES;
				CLANG_WARN_UNGUARDED_AVAILABILITY = YES_AGGRESSIVE;
				CLANG_WARN_UNREACHABLE_CODE = YES;
				CLANG_WARN__DUPLICATE_METHOD_MATCH = YES;
				COPY_PHASE_STRIP = NO;
				DEBUG_INFORMATION_FORMAT = dwarf;
				ENABLE_STRICT_OBJC_MSGSEND = YES;
				ENABLE_TESTABILITY = YES;
				GCC_C_LANGUAGE_STANDARD = gnu11;
				GCC_DYNAMIC_NO_PIC = NO;
				GCC_NO_COMMON_BLOCKS = YES;
				GCC_OPTIMIZATION_LEVEL = 0;
				GCC_PREPROCESSOR_DEFINITIONS = (
					"DEBUG=1",
					"$(inherited)",
				);
				GCC_WARN_64_TO_32_BIT_CONVERSION = YES;
				GCC_WARN_ABOUT_RETURN_TYPE = YES_ERROR;
				GCC_WARN_UNDECLARED_SELECTOR = YES;
				GCC_WARN_UNINITIALIZED_AUTOS = YES_AGGRESSIVE;
				GCC_WARN_UNUSED_FUNCTION = YES;
				GCC_WARN_UNUSED_VARIABLE = YES;
				IPHONEOS_DEPLOYMENT_TARGET = 15.2;
				MTL_ENABLE_DEBUG_INFO = INCLUDE_SOURCE;
				MTL_FAST_MATH = YES;
				ONLY_ACTIVE_ARCH = YES;
				SDKROOT = iphoneos;
				SWIFT_ACTIVE_COMPILATION_CONDITIONS = DEBUG;
				SWIFT_OPTIMIZATION_LEVEL = "-Onone";
			};
			name = Debug;
		};
		D3CEE22F27D51A6500D9E18F /* Release */ = {
			isa = XCBuildConfiguration;
			buildSettings = {
				ALWAYS_SEARCH_USER_PATHS = NO;
				CLANG_ANALYZER_NONNULL = YES;
				CLANG_ANALYZER_NUMBER_OBJECT_CONVERSION = YES_AGGRESSIVE;
				CLANG_CXX_LANGUAGE_STANDARD = "gnu++17";
				CLANG_CXX_LIBRARY = "libc++";
				CLANG_ENABLE_MODULES = YES;
				CLANG_ENABLE_OBJC_ARC = YES;
				CLANG_ENABLE_OBJC_WEAK = YES;
				CLANG_WARN_BLOCK_CAPTURE_AUTORELEASING = YES;
				CLANG_WARN_BOOL_CONVERSION = YES;
				CLANG_WARN_COMMA = YES;
				CLANG_WARN_CONSTANT_CONVERSION = YES;
				CLANG_WARN_DEPRECATED_OBJC_IMPLEMENTATIONS = YES;
				CLANG_WARN_DIRECT_OBJC_ISA_USAGE = YES_ERROR;
				CLANG_WARN_DOCUMENTATION_COMMENTS = YES;
				CLANG_WARN_EMPTY_BODY = YES;
				CLANG_WARN_ENUM_CONVERSION = YES;
				CLANG_WARN_INFINITE_RECURSION = YES;
				CLANG_WARN_INT_CONVERSION = YES;
				CLANG_WARN_NON_LITERAL_NULL_CONVERSION = YES;
				CLANG_WARN_OBJC_IMPLICIT_RETAIN_SELF = YES;
				CLANG_WARN_OBJC_LITERAL_CONVERSION = YES;
				CLANG_WARN_OBJC_ROOT_CLASS = YES_ERROR;
				CLANG_WARN_QUOTED_INCLUDE_IN_FRAMEWORK_HEADER = YES;
				CLANG_WARN_RANGE_LOOP_ANALYSIS = YES;
				CLANG_WARN_STRICT_PROTOTYPES = YES;
				CLANG_WARN_SUSPICIOUS_MOVE = YES;
				CLANG_WARN_UNGUARDED_AVAILABILITY = YES_AGGRESSIVE;
				CLANG_WARN_UNREACHABLE_CODE = YES;
				CLANG_WARN__DUPLICATE_METHOD_MATCH = YES;
				COPY_PHASE_STRIP = NO;
				DEBUG_INFORMATION_FORMAT = "dwarf-with-dsym";
				ENABLE_NS_ASSERTIONS = NO;
				ENABLE_STRICT_OBJC_MSGSEND = YES;
				GCC_C_LANGUAGE_STANDARD = gnu11;
				GCC_NO_COMMON_BLOCKS = YES;
				GCC_WARN_64_TO_32_BIT_CONVERSION = YES;
				GCC_WARN_ABOUT_RETURN_TYPE = YES_ERROR;
				GCC_WARN_UNDECLARED_SELECTOR = YES;
				GCC_WARN_UNINITIALIZED_AUTOS = YES_AGGRESSIVE;
				GCC_WARN_UNUSED_FUNCTION = YES;
				GCC_WARN_UNUSED_VARIABLE = YES;
				IPHONEOS_DEPLOYMENT_TARGET = 15.2;
				MTL_ENABLE_DEBUG_INFO = NO;
				MTL_FAST_MATH = YES;
				SDKROOT = iphoneos;
				SWIFT_COMPILATION_MODE = wholemodule;
				SWIFT_OPTIMIZATION_LEVEL = "-O";
				VALIDATE_PRODUCT = YES;
			};
			name = Release;
		};
		D3CEE23127D51A6500D9E18F /* Debug */ = {
			isa = XCBuildConfiguration;
			buildSettings = {
				ASSETCATALOG_COMPILER_APPICON_NAME = AppIcon;
				ASSETCATALOG_COMPILER_GLOBAL_ACCENT_COLOR_NAME = AccentColor;
				CODE_SIGN_STYLE = Automatic;
				CURRENT_PROJECT_VERSION = 1;
				DEVELOPMENT_ASSET_PATHS = "\"CleanArchHand/Preview Content\"";
				DEVELOPMENT_TEAM = PN4RS9H9PZ;
				ENABLE_PREVIEWS = YES;
				GENERATE_INFOPLIST_FILE = YES;
				INFOPLIST_KEY_UIApplicationSceneManifest_Generation = YES;
				INFOPLIST_KEY_UIApplicationSupportsIndirectInputEvents = YES;
				INFOPLIST_KEY_UILaunchScreen_Generation = YES;
				INFOPLIST_KEY_UISupportedInterfaceOrientations_iPad = "UIInterfaceOrientationPortrait UIInterfaceOrientationPortraitUpsideDown UIInterfaceOrientationLandscapeLeft UIInterfaceOrientationLandscapeRight";
				INFOPLIST_KEY_UISupportedInterfaceOrientations_iPhone = "UIInterfaceOrientationPortrait UIInterfaceOrientationLandscapeLeft UIInterfaceOrientationLandscapeRight";
				LD_RUNPATH_SEARCH_PATHS = (
					"$(inherited)",
					"@executable_path/Frameworks",
				);
				MARKETING_VERSION = 1.0;
				PRODUCT_BUNDLE_IDENTIFIER = es.digio.CleanArchHand;
				PRODUCT_NAME = "$(TARGET_NAME)";
				SWIFT_EMIT_LOC_STRINGS = YES;
				SWIFT_VERSION = 5.0;
				TARGETED_DEVICE_FAMILY = "1,2";
			};
			name = Debug;
		};
		D3CEE23227D51A6500D9E18F /* Release */ = {
			isa = XCBuildConfiguration;
			buildSettings = {
				ASSETCATALOG_COMPILER_APPICON_NAME = AppIcon;
				ASSETCATALOG_COMPILER_GLOBAL_ACCENT_COLOR_NAME = AccentColor;
				CODE_SIGN_STYLE = Automatic;
				CURRENT_PROJECT_VERSION = 1;
				DEVELOPMENT_ASSET_PATHS = "\"CleanArchHand/Preview Content\"";
				DEVELOPMENT_TEAM = PN4RS9H9PZ;
				ENABLE_PREVIEWS = YES;
				GENERATE_INFOPLIST_FILE = YES;
				INFOPLIST_KEY_UIApplicationSceneManifest_Generation = YES;
				INFOPLIST_KEY_UIApplicationSupportsIndirectInputEvents = YES;
				INFOPLIST_KEY_UILaunchScreen_Generation = YES;
				INFOPLIST_KEY_UISupportedInterfaceOrientations_iPad = "UIInterfaceOrientationPortrait UIInterfaceOrientationPortraitUpsideDown UIInterfaceOrientationLandscapeLeft UIInterfaceOrientationLandscapeRight";
				INFOPLIST_KEY_UISupportedInterfaceOrientations_iPhone = "UIInterfaceOrientationPortrait UIInterfaceOrientationLandscapeLeft UIInterfaceOrientationLandscapeRight";
				LD_RUNPATH_SEARCH_PATHS = (
					"$(inherited)",
					"@executable_path/Frameworks",
				);
				MARKETING_VERSION = 1.0;
				PRODUCT_BUNDLE_IDENTIFIER = es.digio.CleanArchHand;
				PRODUCT_NAME = "$(TARGET_NAME)";
				SWIFT_EMIT_LOC_STRINGS = YES;
				SWIFT_VERSION = 5.0;
				TARGETED_DEVICE_FAMILY = "1,2";
			};
			name = Release;
		};
		D3CEE23427D51A6500D9E18F /* Debug */ = {
			isa = XCBuildConfiguration;
			buildSettings = {
				ALWAYS_EMBED_SWIFT_STANDARD_LIBRARIES = YES;
				BUNDLE_LOADER = "$(TEST_HOST)";
				CODE_SIGN_STYLE = Automatic;
				CURRENT_PROJECT_VERSION = 1;
				DEVELOPMENT_TEAM = PN4RS9H9PZ;
				GENERATE_INFOPLIST_FILE = YES;
				IPHONEOS_DEPLOYMENT_TARGET = 15.2;
				MARKETING_VERSION = 1.0;
				PRODUCT_BUNDLE_IDENTIFIER = es.digio.CleanArchHandTests;
				PRODUCT_NAME = "$(TARGET_NAME)";
				SWIFT_EMIT_LOC_STRINGS = NO;
				SWIFT_VERSION = 5.0;
				TARGETED_DEVICE_FAMILY = "1,2";
				TEST_HOST = "$(BUILT_PRODUCTS_DIR)/CleanArchHand.app/CleanArchHand";
			};
			name = Debug;
		};
		D3CEE23527D51A6500D9E18F /* Release */ = {
			isa = XCBuildConfiguration;
			buildSettings = {
				ALWAYS_EMBED_SWIFT_STANDARD_LIBRARIES = YES;
				BUNDLE_LOADER = "$(TEST_HOST)";
				CODE_SIGN_STYLE = Automatic;
				CURRENT_PROJECT_VERSION = 1;
				DEVELOPMENT_TEAM = PN4RS9H9PZ;
				GENERATE_INFOPLIST_FILE = YES;
				IPHONEOS_DEPLOYMENT_TARGET = 15.2;
				MARKETING_VERSION = 1.0;
				PRODUCT_BUNDLE_IDENTIFIER = es.digio.CleanArchHandTests;
				PRODUCT_NAME = "$(TARGET_NAME)";
				SWIFT_EMIT_LOC_STRINGS = NO;
				SWIFT_VERSION = 5.0;
				TARGETED_DEVICE_FAMILY = "1,2";
				TEST_HOST = "$(BUILT_PRODUCTS_DIR)/CleanArchHand.app/CleanArchHand";
			};
			name = Release;
		};
		D3CEE23727D51A6500D9E18F /* Debug */ = {
			isa = XCBuildConfiguration;
			buildSettings = {
				ALWAYS_EMBED_SWIFT_STANDARD_LIBRARIES = YES;
				CODE_SIGN_STYLE = Automatic;
				CURRENT_PROJECT_VERSION = 1;
				DEVELOPMENT_TEAM = PN4RS9H9PZ;
				GENERATE_INFOPLIST_FILE = YES;
				MARKETING_VERSION = 1.0;
				PRODUCT_BUNDLE_IDENTIFIER = es.digio.CleanArchHandUITests;
				PRODUCT_NAME = "$(TARGET_NAME)";
				SWIFT_EMIT_LOC_STRINGS = NO;
				SWIFT_VERSION = 5.0;
				TARGETED_DEVICE_FAMILY = "1,2";
				TEST_TARGET_NAME = CleanArchHand;
			};
			name = Debug;
		};
		D3CEE23827D51A6500D9E18F /* Release */ = {
			isa = XCBuildConfiguration;
			buildSettings = {
				ALWAYS_EMBED_SWIFT_STANDARD_LIBRARIES = YES;
				CODE_SIGN_STYLE = Automatic;
				CURRENT_PROJECT_VERSION = 1;
				DEVELOPMENT_TEAM = PN4RS9H9PZ;
				GENERATE_INFOPLIST_FILE = YES;
				MARKETING_VERSION = 1.0;
				PRODUCT_BUNDLE_IDENTIFIER = es.digio.CleanArchHandUITests;
				PRODUCT_NAME = "$(TARGET_NAME)";
				SWIFT_EMIT_LOC_STRINGS = NO;
				SWIFT_VERSION = 5.0;
				TARGETED_DEVICE_FAMILY = "1,2";
				TEST_TARGET_NAME = CleanArchHand;
			};
			name = Release;
		};
/* End XCBuildConfiguration section */

/* Begin XCConfigurationList section */
		D3CEE20727D51A6400D9E18F /* Build configuration list for PBXProject "CleanArchHand" */ = {
			isa = XCConfigurationList;
			buildConfigurations = (
				D3CEE22E27D51A6500D9E18F /* Debug */,
				D3CEE22F27D51A6500D9E18F /* Release */,
			);
			defaultConfigurationIsVisible = 0;
			defaultConfigurationName = Release;
		};
		D3CEE23027D51A6500D9E18F /* Build configuration list for PBXNativeTarget "CleanArchHand" */ = {
			isa = XCConfigurationList;
			buildConfigurations = (
				D3CEE23127D51A6500D9E18F /* Debug */,
				D3CEE23227D51A6500D9E18F /* Release */,
			);
			defaultConfigurationIsVisible = 0;
			defaultConfigurationName = Release;
		};
		D3CEE23327D51A6500D9E18F /* Build configuration list for PBXNativeTarget "CleanArchHandTests" */ = {
			isa = XCConfigurationList;
			buildConfigurations = (
				D3CEE23427D51A6500D9E18F /* Debug */,
				D3CEE23527D51A6500D9E18F /* Release */,
			);
			defaultConfigurationIsVisible = 0;
			defaultConfigurationName = Release;
		};
		D3CEE23627D51A6500D9E18F /* Build configuration list for PBXNativeTarget "CleanArchHandUITests" */ = {
			isa = XCConfigurationList;
			buildConfigurations = (
				D3CEE23727D51A6500D9E18F /* Debug */,
				D3CEE23827D51A6500D9E18F /* Release */,
			);
			defaultConfigurationIsVisible = 0;
			defaultConfigurationName = Release;
		};
/* End XCConfigurationList section */
	};
	rootObject = D3CEE20427D51A6400D9E18F /* Project object */;
}
